// !$*UTF8*$!
{
	archiveVersion = 1;
	classes = {
	};
	objectVersion = 51;
	objects = {

/* Begin PBXBuildFile section */
		38F9E16522B07694009B6715 /* AppDelegate.swift in Sources */ = {isa = PBXBuildFile; fileRef = 38F9E16422B07694009B6715 /* AppDelegate.swift */; };
		38F9E16722B07694009B6715 /* ViewController.swift in Sources */ = {isa = PBXBuildFile; fileRef = 38F9E16622B07694009B6715 /* ViewController.swift */; };
		38F9E16C22B07695009B6715 /* Assets.xcassets in Resources */ = {isa = PBXBuildFile; fileRef = 38F9E16B22B07695009B6715 /* Assets.xcassets */; };
		38F9E16F22B07695009B6715 /* LaunchScreen.storyboard in Resources */ = {isa = PBXBuildFile; fileRef = 38F9E16D22B07695009B6715 /* LaunchScreen.storyboard */; };
		C42689948C6D0AF5CA19AC46 /* Pods_tmdb_movies.framework in Frameworks */ = {isa = PBXBuildFile; fileRef = 169F5EDEE0024EDE3234FDB1 /* Pods_tmdb_movies.framework */; };
		D18A855D3DC6D5E74E17EB3A /* Pods_tmdb_moviesTests.framework in Frameworks */ = {isa = PBXBuildFile; fileRef = 0E7ED7E2670B1ECE00725025 /* Pods_tmdb_moviesTests.framework */; };
/* End PBXBuildFile section */

/* Begin PBXContainerItemProxy section */
		38F9E17622B07695009B6715 /* PBXContainerItemProxy */ = {
			isa = PBXContainerItemProxy;
			containerPortal = 38F9E15922B07694009B6715 /* Project object */;
			proxyType = 1;
			remoteGlobalIDString = 38F9E16022B07694009B6715;
			remoteInfo = "tmdb-movies";
		};
/* End PBXContainerItemProxy section */

/* Begin PBXFileReference section */
		0715789906D5986AA63A1196 /* Pods-tmdb-moviesTests.debug.xcconfig */ = {isa = PBXFileReference; includeInIndex = 1; lastKnownFileType = text.xcconfig; name = "Pods-tmdb-moviesTests.debug.xcconfig"; path = "Target Support Files/Pods-tmdb-moviesTests/Pods-tmdb-moviesTests.debug.xcconfig"; sourceTree = "<group>"; };
		082A7213393D8A58EF6F2DFE /* Pods-tmdb-movies.debug.xcconfig */ = {isa = PBXFileReference; includeInIndex = 1; lastKnownFileType = text.xcconfig; name = "Pods-tmdb-movies.debug.xcconfig"; path = "Target Support Files/Pods-tmdb-movies/Pods-tmdb-movies.debug.xcconfig"; sourceTree = "<group>"; };
		0E7ED7E2670B1ECE00725025 /* Pods_tmdb_moviesTests.framework */ = {isa = PBXFileReference; explicitFileType = wrapper.framework; includeInIndex = 0; path = Pods_tmdb_moviesTests.framework; sourceTree = BUILT_PRODUCTS_DIR; };
		169F5EDEE0024EDE3234FDB1 /* Pods_tmdb_movies.framework */ = {isa = PBXFileReference; explicitFileType = wrapper.framework; includeInIndex = 0; path = Pods_tmdb_movies.framework; sourceTree = BUILT_PRODUCTS_DIR; };
		2FB87E9FEB4C882192449CBE /* Pods-tmdb-movies.release.xcconfig */ = {isa = PBXFileReference; includeInIndex = 1; lastKnownFileType = text.xcconfig; name = "Pods-tmdb-movies.release.xcconfig"; path = "Target Support Files/Pods-tmdb-movies/Pods-tmdb-movies.release.xcconfig"; sourceTree = "<group>"; };
		38F9E16122B07694009B6715 /* tmdb-movies.app */ = {isa = PBXFileReference; explicitFileType = wrapper.application; includeInIndex = 0; path = "tmdb-movies.app"; sourceTree = BUILT_PRODUCTS_DIR; };
		38F9E16422B07694009B6715 /* AppDelegate.swift */ = {isa = PBXFileReference; lastKnownFileType = sourcecode.swift; path = AppDelegate.swift; sourceTree = "<group>"; };
		38F9E16622B07694009B6715 /* ViewController.swift */ = {isa = PBXFileReference; lastKnownFileType = sourcecode.swift; path = ViewController.swift; sourceTree = "<group>"; };
		38F9E16B22B07695009B6715 /* Assets.xcassets */ = {isa = PBXFileReference; lastKnownFileType = folder.assetcatalog; path = Assets.xcassets; sourceTree = "<group>"; };
		38F9E16E22B07695009B6715 /* Base */ = {isa = PBXFileReference; lastKnownFileType = file.storyboard; name = Base; path = Base.lproj/LaunchScreen.storyboard; sourceTree = "<group>"; };
		38F9E17022B07695009B6715 /* Info.plist */ = {isa = PBXFileReference; lastKnownFileType = text.plist.xml; path = Info.plist; sourceTree = "<group>"; };
		38F9E17522B07695009B6715 /* tmdb-moviesTests.xctest */ = {isa = PBXFileReference; explicitFileType = wrapper.cfbundle; includeInIndex = 0; path = "tmdb-moviesTests.xctest"; sourceTree = BUILT_PRODUCTS_DIR; };
		38F9E17B22B07695009B6715 /* Info.plist */ = {isa = PBXFileReference; lastKnownFileType = text.plist.xml; path = Info.plist; sourceTree = "<group>"; };
		9B77999F40644D17DF38A553 /* Pods-tmdb-moviesTests.release.xcconfig */ = {isa = PBXFileReference; includeInIndex = 1; lastKnownFileType = text.xcconfig; name = "Pods-tmdb-moviesTests.release.xcconfig"; path = "Target Support Files/Pods-tmdb-moviesTests/Pods-tmdb-moviesTests.release.xcconfig"; sourceTree = "<group>"; };
/* End PBXFileReference section */

/* Begin PBXFrameworksBuildPhase section */
		38F9E15E22B07694009B6715 /* Frameworks */ = {
			isa = PBXFrameworksBuildPhase;
			buildActionMask = 2147483647;
			files = (
				C42689948C6D0AF5CA19AC46 /* Pods_tmdb_movies.framework in Frameworks */,
			);
			runOnlyForDeploymentPostprocessing = 0;
		};
		38F9E17222B07695009B6715 /* Frameworks */ = {
			isa = PBXFrameworksBuildPhase;
			buildActionMask = 2147483647;
			files = (
				D18A855D3DC6D5E74E17EB3A /* Pods_tmdb_moviesTests.framework in Frameworks */,
			);
			runOnlyForDeploymentPostprocessing = 0;
		};
/* End PBXFrameworksBuildPhase section */

/* Begin PBXGroup section */
		38F9E15822B07694009B6715 = {
			isa = PBXGroup;
			children = (
				38F9E16322B07694009B6715 /* tmdb-movies */,
				38F9E17822B07695009B6715 /* tmdb-moviesTests */,
				38F9E16222B07694009B6715 /* Products */,
				C742BEB270B123BBB88537F2 /* Pods */,
				FF530D773F422C391EF9804E /* Frameworks */,
			);
			sourceTree = "<group>";
		};
		38F9E16222B07694009B6715 /* Products */ = {
			isa = PBXGroup;
			children = (
				38F9E16122B07694009B6715 /* tmdb-movies.app */,
				38F9E17522B07695009B6715 /* tmdb-moviesTests.xctest */,
			);
			name = Products;
			sourceTree = "<group>";
		};
		38F9E16322B07694009B6715 /* tmdb-movies */ = {
			isa = PBXGroup;
			children = (
				38F9E16422B07694009B6715 /* AppDelegate.swift */,
				38F9E16622B07694009B6715 /* ViewController.swift */,
				38F9E16B22B07695009B6715 /* Assets.xcassets */,
				38F9E16D22B07695009B6715 /* LaunchScreen.storyboard */,
				38F9E17022B07695009B6715 /* Info.plist */,
			);
			path = "tmdb-movies";
			sourceTree = "<group>";
		};
		38F9E17822B07695009B6715 /* tmdb-moviesTests */ = {
			isa = PBXGroup;
			children = (
				38F9E17B22B07695009B6715 /* Info.plist */,
			);
			path = "tmdb-moviesTests";
			sourceTree = "<group>";
		};
		C742BEB270B123BBB88537F2 /* Pods */ = {
			isa = PBXGroup;
			children = (
				082A7213393D8A58EF6F2DFE /* Pods-tmdb-movies.debug.xcconfig */,
				2FB87E9FEB4C882192449CBE /* Pods-tmdb-movies.release.xcconfig */,
				0715789906D5986AA63A1196 /* Pods-tmdb-moviesTests.debug.xcconfig */,
				9B77999F40644D17DF38A553 /* Pods-tmdb-moviesTests.release.xcconfig */,
			);
			path = Pods;
			sourceTree = "<group>";
		};
		FF530D773F422C391EF9804E /* Frameworks */ = {
			isa = PBXGroup;
			children = (
				169F5EDEE0024EDE3234FDB1 /* Pods_tmdb_movies.framework */,
				0E7ED7E2670B1ECE00725025 /* Pods_tmdb_moviesTests.framework */,
			);
			name = Frameworks;
			sourceTree = "<group>";
		};
/* End PBXGroup section */

/* Begin PBXNativeTarget section */
		38F9E16022B07694009B6715 /* tmdb-movies */ = {
			isa = PBXNativeTarget;
			buildConfigurationList = 38F9E17E22B07695009B6715 /* Build configuration list for PBXNativeTarget "tmdb-movies" */;
			buildPhases = (
				2DAD9F3E1993C25A5FDD7BFD /* [CP] Check Pods Manifest.lock */,
				38F9E15D22B07694009B6715 /* Sources */,
				38F9E15E22B07694009B6715 /* Frameworks */,
				38F9E15F22B07694009B6715 /* Resources */,
				A12D8FF8BCE066FD780AAB39 /* [CP] Embed Pods Frameworks */,
			);
			buildRules = (
			);
			dependencies = (
			);
			name = "tmdb-movies";
			productName = "tmdb-movies";
			productReference = 38F9E16122B07694009B6715 /* tmdb-movies.app */;
			productType = "com.apple.product-type.application";
		};
		38F9E17422B07695009B6715 /* tmdb-moviesTests */ = {
			isa = PBXNativeTarget;
			buildConfigurationList = 38F9E18122B07695009B6715 /* Build configuration list for PBXNativeTarget "tmdb-moviesTests" */;
			buildPhases = (
				34699A4CCEB09E198638C4BA /* [CP] Check Pods Manifest.lock */,
				38F9E17122B07695009B6715 /* Sources */,
				38F9E17222B07695009B6715 /* Frameworks */,
				38F9E17322B07695009B6715 /* Resources */,
				6516F08A29364ED42B94DFE5 /* [CP] Embed Pods Frameworks */,
			);
			buildRules = (
			);
			dependencies = (
				38F9E17722B07695009B6715 /* PBXTargetDependency */,
			);
			name = "tmdb-moviesTests";
			productName = "tmdb-moviesTests";
			productReference = 38F9E17522B07695009B6715 /* tmdb-moviesTests.xctest */;
			productType = "com.apple.product-type.bundle.unit-test";
		};
/* End PBXNativeTarget section */

/* Begin PBXProject section */
		38F9E15922B07694009B6715 /* Project object */ = {
			isa = PBXProject;
			attributes = {
				LastSwiftUpdateCheck = 1020;
				LastUpgradeCheck = 1020;
				ORGANIZATIONNAME = "Jean Vinge";
				TargetAttributes = {
					38F9E16022B07694009B6715 = {
						CreatedOnToolsVersion = 10.2.1;
					};
					38F9E17422B07695009B6715 = {
						CreatedOnToolsVersion = 10.2.1;
						TestTargetID = 38F9E16022B07694009B6715;
					};
				};
			};
			buildConfigurationList = 38F9E15C22B07694009B6715 /* Build configuration list for PBXProject "tmdb-movies" */;
			compatibilityVersion = "Xcode 9.3";
			developmentRegion = en;
			hasScannedForEncodings = 0;
			knownRegions = (
				en,
				Base,
			);
			mainGroup = 38F9E15822B07694009B6715;
			productRefGroup = 38F9E16222B07694009B6715 /* Products */;
			projectDirPath = "";
			projectRoot = "";
			targets = (
				38F9E16022B07694009B6715 /* tmdb-movies */,
				38F9E17422B07695009B6715 /* tmdb-moviesTests */,
			);
		};
/* End PBXProject section */

/* Begin PBXResourcesBuildPhase section */
		38F9E15F22B07694009B6715 /* Resources */ = {
			isa = PBXResourcesBuildPhase;
			buildActionMask = 2147483647;
			files = (
				38F9E16F22B07695009B6715 /* LaunchScreen.storyboard in Resources */,
				38F9E16C22B07695009B6715 /* Assets.xcassets in Resources */,
			);
			runOnlyForDeploymentPostprocessing = 0;
		};
		38F9E17322B07695009B6715 /* Resources */ = {
			isa = PBXResourcesBuildPhase;
			buildActionMask = 2147483647;
			files = (
			);
			runOnlyForDeploymentPostprocessing = 0;
		};
/* End PBXResourcesBuildPhase section */

/* Begin PBXShellScriptBuildPhase section */
		2DAD9F3E1993C25A5FDD7BFD /* [CP] Check Pods Manifest.lock */ = {
			isa = PBXShellScriptBuildPhase;
			buildActionMask = 2147483647;
			files = (
			);
			inputFileListPaths = (
			);
			inputPaths = (
				"${PODS_PODFILE_DIR_PATH}/Podfile.lock",
				"${PODS_ROOT}/Manifest.lock",
			);
			name = "[CP] Check Pods Manifest.lock";
			outputFileListPaths = (
			);
			outputPaths = (
				"$(DERIVED_FILE_DIR)/Pods-tmdb-movies-checkManifestLockResult.txt",
			);
			runOnlyForDeploymentPostprocessing = 0;
			shellPath = /bin/sh;
			shellScript = "diff \"${PODS_PODFILE_DIR_PATH}/Podfile.lock\" \"${PODS_ROOT}/Manifest.lock\" > /dev/null\nif [ $? != 0 ] ; then\n    # print error to STDERR\n    echo \"error: The sandbox is not in sync with the Podfile.lock. Run 'pod install' or update your CocoaPods installation.\" >&2\n    exit 1\nfi\n# This output is used by Xcode 'outputs' to avoid re-running this script phase.\necho \"SUCCESS\" > \"${SCRIPT_OUTPUT_FILE_0}\"\n";
			showEnvVarsInLog = 0;
		};
		34699A4CCEB09E198638C4BA /* [CP] Check Pods Manifest.lock */ = {
			isa = PBXShellScriptBuildPhase;
			buildActionMask = 2147483647;
			files = (
			);
			inputFileListPaths = (
			);
			inputPaths = (
				"${PODS_PODFILE_DIR_PATH}/Podfile.lock",
				"${PODS_ROOT}/Manifest.lock",
			);
			name = "[CP] Check Pods Manifest.lock";
			outputFileListPaths = (
			);
			outputPaths = (
				"$(DERIVED_FILE_DIR)/Pods-tmdb-moviesTests-checkManifestLockResult.txt",
			);
			runOnlyForDeploymentPostprocessing = 0;
			shellPath = /bin/sh;
			shellScript = "diff \"${PODS_PODFILE_DIR_PATH}/Podfile.lock\" \"${PODS_ROOT}/Manifest.lock\" > /dev/null\nif [ $? != 0 ] ; then\n    # print error to STDERR\n    echo \"error: The sandbox is not in sync with the Podfile.lock. Run 'pod install' or update your CocoaPods installation.\" >&2\n    exit 1\nfi\n# This output is used by Xcode 'outputs' to avoid re-running this script phase.\necho \"SUCCESS\" > \"${SCRIPT_OUTPUT_FILE_0}\"\n";
			showEnvVarsInLog = 0;
		};
		6516F08A29364ED42B94DFE5 /* [CP] Embed Pods Frameworks */ = {
			isa = PBXShellScriptBuildPhase;
			buildActionMask = 2147483647;
			files = (
			);
			inputFileListPaths = (
				"${PODS_ROOT}/Target Support Files/Pods-tmdb-moviesTests/Pods-tmdb-moviesTests-frameworks-${CONFIGURATION}-input-files.xcfilelist",
			);
			name = "[CP] Embed Pods Frameworks";
			outputFileListPaths = (
				"${PODS_ROOT}/Target Support Files/Pods-tmdb-moviesTests/Pods-tmdb-moviesTests-frameworks-${CONFIGURATION}-output-files.xcfilelist",
			);
			runOnlyForDeploymentPostprocessing = 0;
			shellPath = /bin/sh;
			shellScript = "\"${PODS_ROOT}/Target Support Files/Pods-tmdb-moviesTests/Pods-tmdb-moviesTests-frameworks.sh\"\n";
			showEnvVarsInLog = 0;
		};
		A12D8FF8BCE066FD780AAB39 /* [CP] Embed Pods Frameworks */ = {
			isa = PBXShellScriptBuildPhase;
			buildActionMask = 2147483647;
			files = (
			);
			inputFileListPaths = (
				"${PODS_ROOT}/Target Support Files/Pods-tmdb-movies/Pods-tmdb-movies-frameworks-${CONFIGURATION}-input-files.xcfilelist",
			);
			name = "[CP] Embed Pods Frameworks";
			outputFileListPaths = (
				"${PODS_ROOT}/Target Support Files/Pods-tmdb-movies/Pods-tmdb-movies-frameworks-${CONFIGURATION}-output-files.xcfilelist",
			);
			runOnlyForDeploymentPostprocessing = 0;
			shellPath = /bin/sh;
			shellScript = "\"${PODS_ROOT}/Target Support Files/Pods-tmdb-movies/Pods-tmdb-movies-frameworks.sh\"\n";
			showEnvVarsInLog = 0;
		};
/* End PBXShellScriptBuildPhase section */

/* Begin PBXSourcesBuildPhase section */
		38F9E15D22B07694009B6715 /* Sources */ = {
			isa = PBXSourcesBuildPhase;
			buildActionMask = 2147483647;
			files = (
				38F9E16722B07694009B6715 /* ViewController.swift in Sources */,
				38F9E16522B07694009B6715 /* AppDelegate.swift in Sources */,
			);
			runOnlyForDeploymentPostprocessing = 0;
		};
		38F9E17122B07695009B6715 /* Sources */ = {
			isa = PBXSourcesBuildPhase;
			buildActionMask = 2147483647;
			files = (
			);
			runOnlyForDeploymentPostprocessing = 0;
		};
/* End PBXSourcesBuildPhase section */

/* Begin PBXTargetDependency section */
		38F9E17722B07695009B6715 /* PBXTargetDependency */ = {
			isa = PBXTargetDependency;
			target = 38F9E16022B07694009B6715 /* tmdb-movies */;
			targetProxy = 38F9E17622B07695009B6715 /* PBXContainerItemProxy */;
		};
/* End PBXTargetDependency section */

/* Begin PBXVariantGroup section */
		38F9E16D22B07695009B6715 /* LaunchScreen.storyboard */ = {
			isa = PBXVariantGroup;
			children = (
				38F9E16E22B07695009B6715 /* Base */,
			);
			name = LaunchScreen.storyboard;
			sourceTree = "<group>";
		};
/* End PBXVariantGroup section */

/* Begin XCBuildConfiguration section */
		38F9E17C22B07695009B6715 /* Debug */ = {
			isa = XCBuildConfiguration;
			buildSettings = {
				ALWAYS_SEARCH_USER_PATHS = NO;
				CLANG_ANALYZER_NONNULL = YES;
				CLANG_ANALYZER_NUMBER_OBJECT_CONVERSION = YES_AGGRESSIVE;
				CLANG_CXX_LANGUAGE_STANDARD = "gnu++14";
				CLANG_CXX_LIBRARY = "libc++";
				CLANG_ENABLE_MODULES = YES;
				CLANG_ENABLE_OBJC_ARC = YES;
				CLANG_ENABLE_OBJC_WEAK = YES;
				CLANG_WARN_BLOCK_CAPTURE_AUTORELEASING = YES;
				CLANG_WARN_BOOL_CONVERSION = YES;
				CLANG_WARN_COMMA = YES;
				CLANG_WARN_CONSTANT_CONVERSION = YES;
				CLANG_WARN_DEPRECATED_OBJC_IMPLEMENTATIONS = YES;
				CLANG_WARN_DIRECT_OBJC_ISA_USAGE = YES_ERROR;
				CLANG_WARN_DOCUMENTATION_COMMENTS = YES;
				CLANG_WARN_EMPTY_BODY = YES;
				CLANG_WARN_ENUM_CONVERSION = YES;
				CLANG_WARN_INFINITE_RECURSION = YES;
				CLANG_WARN_INT_CONVERSION = YES;
				CLANG_WARN_NON_LITERAL_NULL_CONVERSION = YES;
				CLANG_WARN_OBJC_IMPLICIT_RETAIN_SELF = YES;
				CLANG_WARN_OBJC_LITERAL_CONVERSION = YES;
				CLANG_WARN_OBJC_ROOT_CLASS = YES_ERROR;
				CLANG_WARN_RANGE_LOOP_ANALYSIS = YES;
				CLANG_WARN_STRICT_PROTOTYPES = YES;
				CLANG_WARN_SUSPICIOUS_MOVE = YES;
				CLANG_WARN_UNGUARDED_AVAILABILITY = YES_AGGRESSIVE;
				CLANG_WARN_UNREACHABLE_CODE = YES;
				CLANG_WARN__DUPLICATE_METHOD_MATCH = YES;
				CODE_SIGN_IDENTITY = "iPhone Developer";
				COPY_PHASE_STRIP = NO;
				DEBUG_INFORMATION_FORMAT = dwarf;
				ENABLE_STRICT_OBJC_MSGSEND = YES;
				ENABLE_TESTABILITY = YES;
				GCC_C_LANGUAGE_STANDARD = gnu11;
				GCC_DYNAMIC_NO_PIC = NO;
				GCC_NO_COMMON_BLOCKS = YES;
				GCC_OPTIMIZATION_LEVEL = 0;
				GCC_PREPROCESSOR_DEFINITIONS = (
					"DEBUG=1",
					"$(inherited)",
				);
				GCC_WARN_64_TO_32_BIT_CONVERSION = YES;
				GCC_WARN_ABOUT_RETURN_TYPE = YES_ERROR;
				GCC_WARN_UNDECLARED_SELECTOR = YES;
				GCC_WARN_UNINITIALIZED_AUTOS = YES_AGGRESSIVE;
				GCC_WARN_UNUSED_FUNCTION = YES;
				GCC_WARN_UNUSED_VARIABLE = YES;
				IPHONEOS_DEPLOYMENT_TARGET = 12.2;
				MTL_ENABLE_DEBUG_INFO = INCLUDE_SOURCE;
				MTL_FAST_MATH = YES;
				ONLY_ACTIVE_ARCH = YES;
				SDKROOT = iphoneos;
				SWIFT_ACTIVE_COMPILATION_CONDITIONS = DEBUG;
				SWIFT_OPTIMIZATION_LEVEL = "-Onone";
			};
			name = Debug;
		};
		38F9E17D22B07695009B6715 /* Release */ = {
			isa = XCBuildConfiguration;
			buildSettings = {
				ALWAYS_SEARCH_USER_PATHS = NO;
				CLANG_ANALYZER_NONNULL = YES;
				CLANG_ANALYZER_NUMBER_OBJECT_CONVERSION = YES_AGGRESSIVE;
				CLANG_CXX_LANGUAGE_STANDARD = "gnu++14";
				CLANG_CXX_LIBRARY = "libc++";
				CLANG_ENABLE_MODULES = YES;
				CLANG_ENABLE_OBJC_ARC = YES;
				CLANG_ENABLE_OBJC_WEAK = YES;
				CLANG_WARN_BLOCK_CAPTURE_AUTORELEASING = YES;
				CLANG_WARN_BOOL_CONVERSION = YES;
				CLANG_WARN_COMMA = YES;
				CLANG_WARN_CONSTANT_CONVERSION = YES;
				CLANG_WARN_DEPRECATED_OBJC_IMPLEMENTATIONS = YES;
				CLANG_WARN_DIRECT_OBJC_ISA_USAGE = YES_ERROR;
				CLANG_WARN_DOCUMENTATION_COMMENTS = YES;
				CLANG_WARN_EMPTY_BODY = YES;
				CLANG_WARN_ENUM_CONVERSION = YES;
				CLANG_WARN_INFINITE_RECURSION = YES;
				CLANG_WARN_INT_CONVERSION = YES;
				CLANG_WARN_NON_LITERAL_NULL_CONVERSION = YES;
				CLANG_WARN_OBJC_IMPLICIT_RETAIN_SELF = YES;
				CLANG_WARN_OBJC_LITERAL_CONVERSION = YES;
				CLANG_WARN_OBJC_ROOT_CLASS = YES_ERROR;
				CLANG_WARN_RANGE_LOOP_ANALYSIS = YES;
				CLANG_WARN_STRICT_PROTOTYPES = YES;
				CLANG_WARN_SUSPICIOUS_MOVE = YES;
				CLANG_WARN_UNGUARDED_AVAILABILITY = YES_AGGRESSIVE;
				CLANG_WARN_UNREACHABLE_CODE = YES;
				CLANG_WARN__DUPLICATE_METHOD_MATCH = YES;
				CODE_SIGN_IDENTITY = "iPhone Developer";
				COPY_PHASE_STRIP = NO;
				DEBUG_INFORMATION_FORMAT = "dwarf-with-dsym";
				ENABLE_NS_ASSERTIONS = NO;
				ENABLE_STRICT_OBJC_MSGSEND = YES;
				GCC_C_LANGUAGE_STANDARD = gnu11;
				GCC_NO_COMMON_BLOCKS = YES;
				GCC_WARN_64_TO_32_BIT_CONVERSION = YES;
				GCC_WARN_ABOUT_RETURN_TYPE = YES_ERROR;
				GCC_WARN_UNDECLARED_SELECTOR = YES;
				GCC_WARN_UNINITIALIZED_AUTOS = YES_AGGRESSIVE;
				GCC_WARN_UNUSED_FUNCTION = YES;
				GCC_WARN_UNUSED_VARIABLE = YES;
				IPHONEOS_DEPLOYMENT_TARGET = 12.2;
				MTL_ENABLE_DEBUG_INFO = NO;
				MTL_FAST_MATH = YES;
				SDKROOT = iphoneos;
				SWIFT_COMPILATION_MODE = wholemodule;
				SWIFT_OPTIMIZATION_LEVEL = "-O";
				VALIDATE_PRODUCT = YES;
			};
			name = Release;
		};
		38F9E17F22B07695009B6715 /* Debug */ = {
			isa = XCBuildConfiguration;
			baseConfigurationReference = 082A7213393D8A58EF6F2DFE /* Pods-tmdb-movies.debug.xcconfig */;
			buildSettings = {
				ALWAYS_EMBED_SWIFT_STANDARD_LIBRARIES = "$(inherited)";
				ASSETCATALOG_COMPILER_APPICON_NAME = AppIcon;
				CODE_SIGN_STYLE = Manual;
				DEVELOPMENT_TEAM = "";
				INFOPLIST_FILE = "tmdb-movies/Info.plist";
				IPHONEOS_DEPLOYMENT_TARGET = 11.0;
				LD_RUNPATH_SEARCH_PATHS = (
					"$(inherited)",
					"@executable_path/Frameworks",
				);
				PRODUCT_BUNDLE_IDENTIFIER = "br.jean.vinge.tmdb-movies";
				PRODUCT_NAME = "$(TARGET_NAME)";
				PROVISIONING_PROFILE_SPECIFIER = "";
				SWIFT_VERSION = 5.0;
				TARGETED_DEVICE_FAMILY = "1,2";
			};
			name = Debug;
		};
		38F9E18022B07695009B6715 /* Release */ = {
			isa = XCBuildConfiguration;
			baseConfigurationReference = 2FB87E9FEB4C882192449CBE /* Pods-tmdb-movies.release.xcconfig */;
			buildSettings = {
				ALWAYS_EMBED_SWIFT_STANDARD_LIBRARIES = "$(inherited)";
				ASSETCATALOG_COMPILER_APPICON_NAME = AppIcon;
				CODE_SIGN_STYLE = Manual;
				DEVELOPMENT_TEAM = "";
				INFOPLIST_FILE = "tmdb-movies/Info.plist";
				IPHONEOS_DEPLOYMENT_TARGET = 11.0;
				LD_RUNPATH_SEARCH_PATHS = (
					"$(inherited)",
					"@executable_path/Frameworks",
				);
				PRODUCT_BUNDLE_IDENTIFIER = "br.jean.vinge.tmdb-movies";
				PRODUCT_NAME = "$(TARGET_NAME)";
				PROVISIONING_PROFILE_SPECIFIER = "";
				SWIFT_VERSION = 5.0;
				TARGETED_DEVICE_FAMILY = "1,2";
			};
			name = Release;
		};
		38F9E18222B07695009B6715 /* Debug */ = {
			isa = XCBuildConfiguration;
			baseConfigurationReference = 0715789906D5986AA63A1196 /* Pods-tmdb-moviesTests.debug.xcconfig */;
			buildSettings = {
				ALWAYS_EMBED_SWIFT_STANDARD_LIBRARIES = "$(inherited)";
				BUNDLE_LOADER = "$(TEST_HOST)";
				CODE_SIGN_IDENTITY = "iPhone Developer";
				CODE_SIGN_STYLE = Automatic;
				DEVELOPMENT_TEAM = "";
				INFOPLIST_FILE = "tmdb-moviesTests/Info.plist";
				LD_RUNPATH_SEARCH_PATHS = (
					"$(inherited)",
					"@executable_path/Frameworks",
					"@loader_path/Frameworks",
				);
				PRODUCT_BUNDLE_IDENTIFIER = "br.jean.vinge.tmdb-moviesTests";
				PRODUCT_NAME = "$(TARGET_NAME)";
				PROVISIONING_PROFILE_SPECIFIER = "";
				SWIFT_VERSION = 5.0;
				TARGETED_DEVICE_FAMILY = "1,2";
				TEST_HOST = "$(BUILT_PRODUCTS_DIR)/tmdb-movies.app/tmdb-movies";
			};
			name = Debug;
		};
		38F9E18322B07695009B6715 /* Release */ = {
			isa = XCBuildConfiguration;
			baseConfigurationReference = 9B77999F40644D17DF38A553 /* Pods-tmdb-moviesTests.release.xcconfig */;
			buildSettings = {
				ALWAYS_EMBED_SWIFT_STANDARD_LIBRARIES = "$(inherited)";
				BUNDLE_LOADER = "$(TEST_HOST)";
				CODE_SIGN_IDENTITY = "iPhone Developer";
				CODE_SIGN_STYLE = Automatic;
				DEVELOPMENT_TEAM = "";
				INFOPLIST_FILE = "tmdb-moviesTests/Info.plist";
				LD_RUNPATH_SEARCH_PATHS = (
					"$(inherited)",
					"@executable_path/Frameworks",
					"@loader_path/Frameworks",
				);
				PRODUCT_BUNDLE_IDENTIFIER = "br.jean.vinge.tmdb-moviesTests";
				PRODUCT_NAME = "$(TARGET_NAME)";
				PROVISIONING_PROFILE_SPECIFIER = "";
				SWIFT_VERSION = 5.0;
				TARGETED_DEVICE_FAMILY = "1,2";
				TEST_HOST = "$(BUILT_PRODUCTS_DIR)/tmdb-movies.app/tmdb-movies";
			};
			name = Release;
		};
/* End XCBuildConfiguration section */

/* Begin XCConfigurationList section */
		38F9E15C22B07694009B6715 /* Build configuration list for PBXProject "tmdb-movies" */ = {
			isa = XCConfigurationList;
			buildConfigurations = (
				38F9E17C22B07695009B6715 /* Debug */,
				38F9E17D22B07695009B6715 /* Release */,
			);
			defaultConfigurationIsVisible = 0;
			defaultConfigurationName = Release;
		};
		38F9E17E22B07695009B6715 /* Build configuration list for PBXNativeTarget "tmdb-movies" */ = {
			isa = XCConfigurationList;
			buildConfigurations = (
				38F9E17F22B07695009B6715 /* Debug */,
				38F9E18022B07695009B6715 /* Release */,
			);
			defaultConfigurationIsVisible = 0;
			defaultConfigurationName = Release;
		};
		38F9E18122B07695009B6715 /* Build configuration list for PBXNativeTarget "tmdb-moviesTests" */ = {
			isa = XCConfigurationList;
			buildConfigurations = (
				38F9E18222B07695009B6715 /* Debug */,
				38F9E18322B07695009B6715 /* Release */,
			);
			defaultConfigurationIsVisible = 0;
			defaultConfigurationName = Release;
		};
/* End XCConfigurationList section */
	};
	rootObject = 38F9E15922B07694009B6715 /* Project object */;
}
